
Microsoft Visual Studio Solution File, Format Version 12.00
# Visual Studio 15
VisualStudioVersion = 15.0.27130.2010
MinimumVisualStudioVersion = 10.0.40219.1
Project("{FAE04EC0-301F-11D3-BF4B-00C04F79EFBC}") = "AgenceDePlacement", "AgenceDePlacement\AgenceDePlacement.csproj", "{C355F361-FD3D-464C-84F3-339251905BAE}"
EndProject
Global
	GlobalSection(SolutionConfigurationPlatforms) = preSolution
		Debug|Any CPU = Debug|Any CPU
		Release|Any CPU = Release|Any CPU
	EndGlobalSection
	GlobalSection(ProjectConfigurationPlatforms) = postSolution
		{C355F361-FD3D-464C-84F3-339251905BAE}.Debug|Any CPU.ActiveCfg = Debug|Any CPU
		{C355F361-FD3D-464C-84F3-339251905BAE}.Debug|Any CPU.Build.0 = Debug|Any CPU
		{C355F361-FD3D-464C-84F3-339251905BAE}.Release|Any CPU.ActiveCfg = Release|Any CPU
		{C355F361-FD3D-464C-84F3-339251905BAE}.Release|Any CPU.Build.0 = Release|Any CPU
	EndGlobalSection
	GlobalSection(SolutionProperties) = preSolution
		HideSolutionNode = FALSE
	EndGlobalSection
	GlobalSection(ExtensibilityGlobals) = postSolution
		SolutionGuid = {72D7B2E5-FAB9-4CE9-ACE5-80510F6FE06F}
	EndGlobalSection
EndGlobal
